
Microsoft Visual Studio Solution File, Format Version 12.00
# Visual Studio Version 16
VisualStudioVersion = 25.0.1705.6
MinimumVisualStudioVersion = 10.0.40219.1
Project("{FAE04EC0-301F-11D3-BF4B-00C04F79EFBC}") = "WordLib", "WordLib.csproj", "{5046249E-3D95-45AC-BAE8-310F9DE3F2DD}"
EndProject
Project("{FAE04EC0-301F-11D3-BF4B-00C04F79EFBC}") = "WordLibTests", "..\WordLibTests\WordLibTests.csproj", "{7E64B617-D9DB-4B8D-8CC8-B0C500869110}"
EndProject
Global
	GlobalSection(SolutionConfigurationPlatforms) = preSolution
		Debug|Any CPU = Debug|Any CPU
		Release|Any CPU = Release|Any CPU
	EndGlobalSection
	GlobalSection(ProjectConfigurationPlatforms) = postSolution
		{5046249E-3D95-45AC-BAE8-310F9DE3F2DD}.Debug|Any CPU.ActiveCfg = Debug|Any CPU
		{5046249E-3D95-45AC-BAE8-310F9DE3F2DD}.Debug|Any CPU.Build.0 = Debug|Any CPU
		{5046249E-3D95-45AC-BAE8-310F9DE3F2DD}.Release|Any CPU.ActiveCfg = Release|Any CPU
		{5046249E-3D95-45AC-BAE8-310F9DE3F2DD}.Release|Any CPU.Build.0 = Release|Any CPU
		{7E64B617-D9DB-4B8D-8CC8-B0C500869110}.Debug|Any CPU.ActiveCfg = Debug|Any CPU
		{7E64B617-D9DB-4B8D-8CC8-B0C500869110}.Debug|Any CPU.Build.0 = Debug|Any CPU
		{7E64B617-D9DB-4B8D-8CC8-B0C500869110}.Release|Any CPU.ActiveCfg = Release|Any CPU
		{7E64B617-D9DB-4B8D-8CC8-B0C500869110}.Release|Any CPU.Build.0 = Release|Any CPU
	EndGlobalSection
	GlobalSection(SolutionProperties) = preSolution
		HideSolutionNode = FALSE
	EndGlobalSection
	GlobalSection(ExtensibilityGlobals) = postSolution
		SolutionGuid = {CE594350-17B3-4E87-8F02-C38BF3638B0A}
	EndGlobalSection
EndGlobal
